
Microsoft Visual Studio Solution File, Format Version 11.00
# Visual Studio 2010
Project("{FAE04EC0-301F-11D3-BF4B-00C04F79EFBC}") = "FFCircularProgressView", "FFCircularProgressView\FFCircularProgressView.csproj", "{01FC4EE8-242D-497B-AD6B-DA802D71E683}"
EndProject
Global
	GlobalSection(SolutionConfigurationPlatforms) = preSolution
		Debug|iPhoneSimulator = Debug|iPhoneSimulator
		Release|iPhoneSimulator = Release|iPhoneSimulator
		Debug|iPhone = Debug|iPhone
		Release|iPhone = Release|iPhone
		Ad-Hoc|iPhone = Ad-Hoc|iPhone
		AppStore|iPhone = AppStore|iPhone
	EndGlobalSection
	GlobalSection(ProjectConfigurationPlatforms) = postSolution
		{01FC4EE8-242D-497B-AD6B-DA802D71E683}.Ad-Hoc|iPhone.ActiveCfg = Ad-Hoc|iPhone
		{01FC4EE8-242D-497B-AD6B-DA802D71E683}.Ad-Hoc|iPhone.Build.0 = Ad-Hoc|iPhone
		{01FC4EE8-242D-497B-AD6B-DA802D71E683}.AppStore|iPhone.ActiveCfg = AppStore|iPhone
		{01FC4EE8-242D-497B-AD6B-DA802D71E683}.AppStore|iPhone.Build.0 = AppStore|iPhone
		{01FC4EE8-242D-497B-AD6B-DA802D71E683}.Debug|iPhone.ActiveCfg = Debug|iPhone
		{01FC4EE8-242D-497B-AD6B-DA802D71E683}.Debug|iPhone.Build.0 = Debug|iPhone
		{01FC4EE8-242D-497B-AD6B-DA802D71E683}.Debug|iPhoneSimulator.ActiveCfg = Debug|iPhoneSimulator
		{01FC4EE8-242D-497B-AD6B-DA802D71E683}.Debug|iPhoneSimulator.Build.0 = Debug|iPhoneSimulator
		{01FC4EE8-242D-497B-AD6B-DA802D71E683}.Release|iPhone.ActiveCfg = Release|iPhone
		{01FC4EE8-242D-497B-AD6B-DA802D71E683}.Release|iPhone.Build.0 = Release|iPhone
		{01FC4EE8-242D-497B-AD6B-DA802D71E683}.Release|iPhoneSimulator.ActiveCfg = Release|iPhoneSimulator
		{01FC4EE8-242D-497B-AD6B-DA802D71E683}.Release|iPhoneSimulator.Build.0 = Release|iPhoneSimulator
	EndGlobalSection
	GlobalSection(MonoDevelopProperties) = preSolution
		StartupItem = FFCircularProgressView\FFCircularProgressView.csproj
	EndGlobalSection
EndGlobal
